{
  "requires": true,
  "lockfileVersion": 1,
  "dependencies": {
    "async": {
      "version": "2.6.2",
      "resolved": "https://registry.npmjs.org/async/-/async-2.6.2.tgz",
      "integrity": "sha512-H1qVYh1MYhEEFLsP97cVKqCGo7KfCyTt6uEWqsTBr9SO84oK9Uwbyd/yCW+6rKJLHksBNUVWZDAjfS+Ccx0Bbg==",
      "requires": {
        "lodash": "4.17.11"
      }
    },
    "aws-sign": {
      "version": "0.2.1",
      "resolved": "https://registry.npmjs.org/aws-sign/-/aws-sign-0.2.1.tgz",
      "integrity": "sha512-cQFl6jK/Lq416OqpT+lb1RIay1wShuQjHF3/kAJbyMvruV8vSpDahaGNkbeupdGRgXR8Ii0O/ZIbTQPdp+l3pA=="
    },
    "boom": {
      "version": "0.3.8",
      "resolved": "https://registry.npmjs.org/boom/-/boom-0.3.8.tgz",
      "integrity": "sha1-yM2wQUNZEnQWKMBE7Mcy0dF8Ceo=",
      "requires": {
        "hoek": "0.7.6"
      }
    },
    "color": {
      "version": "3.0.0",
      "resolved": "https://registry.npmjs.org/color/-/color-3.0.0.tgz",
      "integrity": "sha512-jCpd5+s0s0t7p3pHQKpnJ0TpQKKdleP71LWcA0aqiljpiuAkOSUFN/dyH8ZwF0hRmFlrIuRhufds1QyEP9EB+w==",
      "requires": {
        "color-convert": "1.9.3",
        "color-string": "1.5.3"
      }
    },
    "color-convert": {
      "version": "1.9.3",
      "resolved": "https://registry.npmjs.org/color-convert/-/color-convert-1.9.3.tgz",
      "integrity": "sha512-QfAUtd+vFdAtFQcC8CCyYt1fYWxSqAiK2cSD6zDB8N3cpsEBAvRxp9zOGg6G/SHHJYAT88/az/IuDGALsNVbGg==",
      "requires": {
        "color-name": "1.1.3"
      }
    },
    "color-name": {
      "version": "1.1.3",
      "resolved": "https://registry.npmjs.org/color-name/-/color-name-1.1.3.tgz",
      "integrity": "sha1-p9BVi9icQveV3UIyj3QIMcpTvCU="
    },
    "color-string": {
      "version": "1.5.3",
      "resolved": "https://registry.npmjs.org/color-string/-/color-string-1.5.3.tgz",
      "integrity": "sha512-dC2C5qeWoYkxki5UAXapdjqO672AM4vZuPGRQfO8b5HKuKGBbKWpITyDYN7TOFKvRW7kOgAn3746clDBMDJyQw==",
      "requires": {
        "color-name": "1.1.3",
        "simple-swizzle": "0.2.2"
      }
    },
    "colornames": {
      "version": "1.1.1",
      "resolved": "https://registry.npmjs.org/colornames/-/colornames-1.1.1.tgz",
      "integrity": "sha1-+IiQMGhcfE/54qVZ9Qd+t2qBb5Y="
    },
    "colors": {
      "version": "1.3.3",
      "resolved": "https://registry.npmjs.org/colors/-/colors-1.3.3.tgz",
      "integrity": "sha512-mmGt/1pZqYRjMxB1axhTo16/snVZ5krrKkcmMeVKxzECMMXoCgnvTPp10QgHfcbQZw8Dq2jMNG6je4JlWU0gWg=="
    },
    "colorspace": {
      "version": "1.1.2",
      "resolved": "https://registry.npmjs.org/colorspace/-/colorspace-1.1.2.tgz",
      "integrity": "sha512-vt+OoIP2d76xLhjwbBaucYlNSpPsrJWPlBTtwCpQKIu6/CSMutyzX93O/Do0qzpH3YoHEes8YEFXyZ797rEhzQ==",
      "requires": {
        "color": "3.0.0",
        "text-hex": "1.0.0"
      }
    },
    "combined-stream": {
      "version": "0.0.7",
      "resolved": "https://registry.npmjs.org/combined-stream/-/combined-stream-0.0.7.tgz",
      "integrity": "sha1-ATfmV7qlp1QcV6w3rF/AfXO03B8=",
      "requires": {
        "delayed-stream": "0.0.5"
      }
    },
    "cookie-jar": {
      "version": "0.2.0",
      "resolved": "https://registry.npmjs.org/cookie-jar/-/cookie-jar-0.2.0.tgz",
      "integrity": "sha1-ZOzAasl423leS1KQy+SLo3gUAPo="
    },
    "core-util-is": {
      "version": "1.0.2",
      "resolved": "https://registry.npmjs.org/core-util-is/-/core-util-is-1.0.2.tgz",
      "integrity": "sha1-tf1UIgqivFq1eqtxQMlAdUUDwac="
    },
    "cryptiles": {
      "version": "0.1.3",
      "resolved": "https://registry.npmjs.org/cryptiles/-/cryptiles-0.1.3.tgz",
      "integrity": "sha1-GlVnNPBtJLo0hirpy55wmjr7/xw=",
      "requires": {
        "boom": "0.3.8"
      }
    },
    "cycle": {
      "version": "1.0.3",
      "resolved": "https://registry.npmjs.org/cycle/-/cycle-1.0.3.tgz",
      "integrity": "sha1-IegLK+hYD5i0aPN5QwZisEbDStI="
    },
    "delayed-stream": {
      "version": "0.0.5",
      "resolved": "https://registry.npmjs.org/delayed-stream/-/delayed-stream-0.0.5.tgz",
      "integrity": "sha1-1LH0OpPoKW3+AmlPRoC8N6MTxz8="
    },
    "diagnostics": {
      "version": "1.1.1",
      "resolved": "https://registry.npmjs.org/diagnostics/-/diagnostics-1.1.1.tgz",
      "integrity": "sha512-8wn1PmdunLJ9Tqbx+Fx/ZEuHfJf4NKSN2ZBj7SJC/OWRWha843+WsTjqMe1B5E3p28jqBlp+mJ2fPVxPyNgYKQ==",
      "requires": {
        "colorspace": "1.1.2",
        "enabled": "1.0.2",
        "kuler": "1.0.1"
      }
    },
    "enabled": {
      "version": "1.0.2",
      "resolved": "https://registry.npmjs.org/enabled/-/enabled-1.0.2.tgz",
      "integrity": "sha1-ll9lE9LC0cX0ZStkouM5ZGf8L5M=",
      "requires": {
        "env-variable": "0.0.5"
      }
    },
    "env-variable": {
      "version": "0.0.5",
      "resolved": "https://registry.npmjs.org/env-variable/-/env-variable-0.0.5.tgz",
      "integrity": "sha512-zoB603vQReOFvTg5xMl9I1P2PnHsHQQKTEowsKKD7nseUfJq6UWzK+4YtlWUO1nhiQUxe6XMkk+JleSZD1NZFA=="
    },
    "eyes": {
      "version": "0.1.8",
      "resolved": "https://registry.npmjs.org/eyes/-/eyes-0.1.8.tgz",
      "integrity": "sha1-Ys8SAjTGg3hdkCNIqADvPgzCC8A="
    },
    "fast-safe-stringify": {
      "version": "2.0.6",
      "resolved": "https://registry.npmjs.org/fast-safe-stringify/-/fast-safe-stringify-2.0.6.tgz",
      "integrity": "sha512-q8BZ89jjc+mz08rSxROs8VsrBBcn1SIw1kq9NjolL509tkABRk9io01RAjSaEv1Xb2uFLt8VtRiZbGp5H8iDtg=="
    },
    "fecha": {
      "version": "2.3.3",
      "resolved": "https://registry.npmjs.org/fecha/-/fecha-2.3.3.tgz",
      "integrity": "sha512-lUGBnIamTAwk4znq5BcqsDaxSmZ9nDVJaij6NvRt/Tg4R69gERA+otPKbS86ROw9nxVMw2/mp1fnaiWqbs6Sdg=="
    },
    "forever-agent": {
      "version": "0.2.0",
      "resolved": "https://registry.npmjs.org/forever-agent/-/forever-agent-0.2.0.tgz",
      "integrity": "sha1-4cJcetROCcOPIzh2x2/MJP+EOx8="
    },
    "form-data": {
      "version": "0.0.10",
      "resolved": "https://registry.npmjs.org/form-data/-/form-data-0.0.10.tgz",
      "integrity": "sha1-2zRaU3jYau6x7V1VO4aawZLS9e0=",
      "requires": {
        "async": "0.2.10",
        "combined-stream": "0.0.7",
        "mime": "1.2.11"
      },
      "dependencies": {
        "async": {
          "version": "0.2.10",
          "resolved": "https://registry.npmjs.org/async/-/async-0.2.10.tgz",
          "integrity": "sha1-trvgsGdLnXGXCMo43owjfLUmw9E="
        }
      }
    },
    "gearmanode": {
      "version": "0.9.2",
      "resolved": "https://registry.npmjs.org/gearmanode/-/gearmanode-0.9.2.tgz",
      "integrity": "sha1-FtQtIaEqzDoTk0dnlzdr6OE+CXk=",
      "requires": {
        "winston": "3.2.1"
      }
    },
    "hawk": {
      "version": "0.10.2",
      "resolved": "https://registry.npmjs.org/hawk/-/hawk-0.10.2.tgz",
      "integrity": "sha1-mzYd7pWpMWQObVBOBWCaj8OsRdI=",
      "requires": {
        "boom": "0.3.8",
        "cryptiles": "0.1.3",
        "hoek": "0.7.6",
        "sntp": "0.1.4"
      }
    },
    "hoek": {
      "version": "0.7.6",
      "resolved": "https://registry.npmjs.org/hoek/-/hoek-0.7.6.tgz",
      "integrity": "sha1-YPvZBFV1Qc0rh5Wr8wihs3cOFVo="
    },
    "inherits": {
      "version": "2.0.3",
      "resolved": "https://registry.npmjs.org/inherits/-/inherits-2.0.3.tgz",
      "integrity": "sha1-Yzwsg+PaQqUC9SRmAiSA9CCCYd4="
    },
    "is-arrayish": {
      "version": "0.3.2",
      "resolved": "https://registry.npmjs.org/is-arrayish/-/is-arrayish-0.3.2.tgz",
      "integrity": "sha512-eVRqCvVlZbuw3GrM63ovNSNAeA1K16kaR/LRY/92w0zxQ5/1YzwblUX652i4Xs9RwAGjW9d9y6X88t8OaAJfWQ=="
    },
    "is-stream": {
      "version": "1.1.0",
      "resolved": "https://registry.npmjs.org/is-stream/-/is-stream-1.1.0.tgz",
      "integrity": "sha1-EtSj3U5o4Lec6428hBc66A2RykQ="
    },
    "isarray": {
      "version": "1.0.0",
      "resolved": "https://registry.npmjs.org/isarray/-/isarray-1.0.0.tgz",
      "integrity": "sha1-u5NdSFgsuhaMBoNJV6VKPgcSTxE="
    },
    "json-stringify-safe": {
      "version": "3.0.0",
      "resolved": "https://registry.npmjs.org/json-stringify-safe/-/json-stringify-safe-3.0.0.tgz",
      "integrity": "sha1-nbew5TDH8onF6MhDKvGRwv91pbM="
    },
    "keybase-bot": {
      "version": "2.0.4",
      "resolved": "https://registry.npmjs.org/keybase-bot/-/keybase-bot-2.0.4.tgz",
      "integrity": "sha512-gFpCIGJUt2hKLQcB5b+xmb2VEMUhnrSgC6qhL4VFTbVQ8/NE8EpbLcjyR1IXhp3ADPZ2vhYv0Zbbe3lHIUOIjg==",
      "requires": {
        "lodash.camelcase": "4.3.0",
        "lodash.kebabcase": "4.1.1",
        "lodash.snakecase": "4.1.1",
        "mkdirp": "0.5.1"
      }
    },
    "kuler": {
      "version": "1.0.1",
      "resolved": "https://registry.npmjs.org/kuler/-/kuler-1.0.1.tgz",
      "integrity": "sha512-J9nVUucG1p/skKul6DU3PUZrhs0LPulNaeUOox0IyXDi8S4CztTHs1gQphhuZmzXG7VOQSf6NJfKuzteQLv9gQ==",
      "requires": {
        "colornames": "1.1.1"
      }
    },
    "lodash": {
      "version": "4.17.11",
      "resolved": "https://registry.npmjs.org/lodash/-/lodash-4.17.11.tgz",
      "integrity": "sha512-cQKh8igo5QUhZ7lg38DYWAxMvjSAKG0A8wGSVimP07SIUEK2UO+arSRKbRZWtelMtN5V0Hkwh5ryOto/SshYIg=="
    },
    "lodash.camelcase": {
      "version": "4.3.0",
      "resolved": "https://registry.npmjs.org/lodash.camelcase/-/lodash.camelcase-4.3.0.tgz",
      "integrity": "sha1-soqmKIorn8ZRA1x3EfZathkDMaY="
    },
    "lodash.kebabcase": {
      "version": "4.1.1",
      "resolved": "https://registry.npmjs.org/lodash.kebabcase/-/lodash.kebabcase-4.1.1.tgz",
      "integrity": "sha1-hImxyw0p/4gZXM7KRI/21swpXDY="
    },
    "lodash.snakecase": {
      "version": "4.1.1",
      "resolved": "https://registry.npmjs.org/lodash.snakecase/-/lodash.snakecase-4.1.1.tgz",
      "integrity": "sha1-OdcUo1NXFHg3rv1ktdy7Fr7Nj40="
    },
    "logform": {
      "version": "2.1.2",
      "resolved": "https://registry.npmjs.org/logform/-/logform-2.1.2.tgz",
      "integrity": "sha512-+lZh4OpERDBLqjiwDLpAWNQu6KMjnlXH2ByZwCuSqVPJletw0kTWJf5CgSNAUKn1KUkv3m2cUz/LK8zyEy7wzQ==",
      "requires": {
        "colors": "1.3.3",
        "fast-safe-stringify": "2.0.6",
        "fecha": "2.3.3",
        "ms": "2.1.1",
        "triple-beam": "1.3.0"
      }
    },
    "mime": {
      "version": "1.2.11",
      "resolved": "https://registry.npmjs.org/mime/-/mime-1.2.11.tgz",
      "integrity": "sha1-WCA+7Ybjpe8XrtK32evUfwpg3RA="
    },
    "minimist": {
      "version": "0.0.8",
      "resolved": "https://registry.npmjs.org/minimist/-/minimist-0.0.8.tgz",
      "integrity": "sha1-hX/Kv8M5fSYluCKCYuhqp6ARsF0="
    },
    "mkdirp": {
      "version": "0.5.1",
      "resolved": "https://registry.npmjs.org/mkdirp/-/mkdirp-0.5.1.tgz",
      "integrity": "sha1-MAV0OOrGz3+MR2fzhkjWaX11yQM=",
      "requires": {
        "minimist": "0.0.8"
      }
    },
    "ms": {
      "version": "2.1.1",
      "resolved": "https://registry.npmjs.org/ms/-/ms-2.1.1.tgz",
      "integrity": "sha512-tgp+dl5cGk28utYktBsrFqA7HKgrhgPsg6Z/EfhWI4gl1Hwq8B/GmY/0oXZ6nF8hDVesS/FpnYaD/kOWhYQvyg=="
    },
    "node-uuid": {
      "version": "1.4.8",
      "resolved": "https://registry.npmjs.org/node-uuid/-/node-uuid-1.4.8.tgz",
      "integrity": "sha1-sEDrCSOWivq/jTL7HxfxFn/auQc="
    },
    "oauth-sign": {
      "version": "0.2.0",
      "resolved": "https://registry.npmjs.org/oauth-sign/-/oauth-sign-0.2.0.tgz",
      "integrity": "sha1-oOahcV2u0GLzIrYit/5a/RA1tuI="
    },
    "one-time": {
      "version": "0.0.4",
      "resolved": "https://registry.npmjs.org/one-time/-/one-time-0.0.4.tgz",
      "integrity": "sha1-+M33eISCb+Tf+T46nMN7HkSAdC4="
    },
    "pkginfo": {
      "version": "0.3.1",
      "resolved": "https://registry.npmjs.org/pkginfo/-/pkginfo-0.3.1.tgz",
      "integrity": "sha1-Wyn2qB9wcXFC4J52W76rl7T4HiE="
    },
    "process-nextick-args": {
      "version": "2.0.0",
      "resolved": "https://registry.npmjs.org/process-nextick-args/-/process-nextick-args-2.0.0.tgz",
      "integrity": "sha512-MtEC1TqN0EU5nephaJ4rAtThHtC86dNN9qCuEhtshvpVBkAW5ZO7BASN9REnF9eoXGcRub+pFuKEpOHE+HbEMw=="
    },
    "qs": {
      "version": "0.5.6",
      "resolved": "https://registry.npmjs.org/qs/-/qs-0.5.6.tgz",
      "integrity": "sha1-MbGtBYVnZRxSaSFQa5qHk5EaA4Q="
    },
    "readable-stream": {
      "version": "3.3.0",
      "resolved": "https://registry.npmjs.org/readable-stream/-/readable-stream-3.3.0.tgz",
      "integrity": "sha512-EsI+s3k3XsW+fU8fQACLN59ky34AZ14LoeVZpYwmZvldCFo0r0gnelwF2TcMjLor/BTL5aDJVBMkss0dthToPw==",
      "requires": {
        "inherits": "2.0.3",
        "string_decoder": "1.2.0",
        "util-deprecate": "1.0.2"
      }
    },
    "request": {
      "version": "2.16.6",
      "resolved": "https://registry.npmjs.org/request/-/request-2.16.6.tgz",
      "integrity": "sha1-hy/kRa5y3iZrN4edatfclI+gHK0=",
      "requires": {
        "aws-sign": "0.2.1",
        "cookie-jar": "0.2.0",
        "forever-agent": "0.2.0",
        "form-data": "0.0.10",
        "hawk": "0.10.2",
        "json-stringify-safe": "3.0.0",
        "mime": "1.2.11",
        "node-uuid": "1.4.8",
        "oauth-sign": "0.2.0",
        "qs": "0.5.6",
        "tunnel-agent": "0.2.0"
      }
    },
    "safe-buffer": {
      "version": "5.1.2",
      "resolved": "https://registry.npmjs.org/safe-buffer/-/safe-buffer-5.1.2.tgz",
      "integrity": "sha512-Gd2UZBJDkXlY7GbJxfsE8/nvKkUEU1G38c1siN6QP6a9PT9MmHB8GnpscSmMJSoF8LOIrt8ud/wPtojys4G6+g=="
    },
    "simple-swizzle": {
      "version": "0.2.2",
      "resolved": "https://registry.npmjs.org/simple-swizzle/-/simple-swizzle-0.2.2.tgz",
      "integrity": "sha1-pNprY1/8zMoz9w0Xy5JZLeleVXo=",
      "requires": {
        "is-arrayish": "0.3.2"
      }
    },
    "sntp": {
      "version": "0.1.4",
      "resolved": "https://registry.npmjs.org/sntp/-/sntp-0.1.4.tgz",
      "integrity": "sha1-XvSBuVGnspr/30r9fyaDj8ESD4Q=",
      "requires": {
        "hoek": "0.7.6"
      }
    },
    "stack-trace": {
      "version": "0.0.10",
      "resolved": "https://registry.npmjs.org/stack-trace/-/stack-trace-0.0.10.tgz",
      "integrity": "sha1-VHxws0fo0ytOEI6hoqFZ5f3eGcA="
    },
    "string_decoder": {
      "version": "1.2.0",
      "resolved": "https://registry.npmjs.org/string_decoder/-/string_decoder-1.2.0.tgz",
      "integrity": "sha512-6YqyX6ZWEYguAxgZzHGL7SsCeGx3V2TtOTqZz1xSTSWnqsbWwbptafNyvf/ACquZUXV3DANr5BDIwNYe1mN42w==",
      "requires": {
        "safe-buffer": "5.1.2"
      }
    },
    "text-hex": {
      "version": "1.0.0",
      "resolved": "https://registry.npmjs.org/text-hex/-/text-hex-1.0.0.tgz",
      "integrity": "sha512-uuVGNWzgJ4yhRaNSiubPY7OjISw4sw4E5Uv0wbjp+OzcbmVU/rsT8ujgcXJhn9ypzsgr5vlzpPqP+MBBKcGvbg=="
    },
    "triple-beam": {
      "version": "1.3.0",
      "resolved": "https://registry.npmjs.org/triple-beam/-/triple-beam-1.3.0.tgz",
      "integrity": "sha512-XrHUvV5HpdLmIj4uVMxHggLbFSZYIn7HEWsqePZcI50pco+MPqJ50wMGY794X7AOOhxOBAjbkqfAbEe/QMp2Lw=="
    },
    "tunnel-agent": {
      "version": "0.2.0",
      "resolved": "https://registry.npmjs.org/tunnel-agent/-/tunnel-agent-0.2.0.tgz",
      "integrity": "sha1-aFPCr7GyEJ5FYp5JK9419Fnqaeg="
    },
    "util-deprecate": {
      "version": "1.0.2",
      "resolved": "https://registry.npmjs.org/util-deprecate/-/util-deprecate-1.0.2.tgz",
      "integrity": "sha1-RQ1Nyfpw3nMnYvvS1KKJgUGaDM8="
    },
    "var_dump": {
      "version": "1.0.5",
      "resolved": "https://registry.npmjs.org/var_dump/-/var_dump-1.0.5.tgz",
      "integrity": "sha512-1uajVBYwa/Mx+JLP+DnD6tWgSXDoR/fBR+DYCuxpGfkFtRXKQhP7WonOyh4qA8EaEDU0qEsCva8Xzsz0YJVR3Q=="
    },
    "winston": {
      "version": "3.2.1",
      "resolved": "https://registry.npmjs.org/winston/-/winston-0.7.1.tgz",
      "integrity": "sha1-4pGrJO3b956kD/UyYZJ3oNMLDrM=",
      "requires": {
        "diagnostics": "1.1.1",
        "is-stream": "1.1.0",
        "logform": "2.1.2",
        "one-time": "0.0.4",
        "readable-stream": "3.3.0",
        "stack-trace": "0.0.10",
        "triple-beam": "1.3.0",
        "winston-transport": "4.3.0"
      },
      "dependencies": {
        "async": {
          "version": "0.2.10",
          "resolved": "https://registry.npmjs.org/async/-/async-0.2.10.tgz",
          "integrity": "sha1-trvgsGdLnXGXCMo43owjfLUmw9E="
        },
        "colors": {
          "version": "0.6.2",
          "resolved": "https://registry.npmjs.org/colors/-/colors-0.6.2.tgz",
          "integrity": "sha1-JCP+ZnisDF2uiFLl0OW+CMmXq8w="
        }
      }
    },
    "winston-transport": {
      "version": "4.3.0",
      "resolved": "https://registry.npmjs.org/winston-transport/-/winston-transport-4.3.0.tgz",
      "integrity": "sha512-B2wPuwUi3vhzn/51Uukcao4dIduEiPOcOt9HJ3QeaXgkJ5Z7UwpBzxS4ZGNHtrxrUvTwemsQiSys0ihOf8Mp1A==",
      "requires": {
        "readable-stream": "2.3.6",
        "triple-beam": "1.3.0"
      },
      "dependencies": {
        "readable-stream": {
          "version": "2.3.6",
          "resolved": "https://registry.npmjs.org/readable-stream/-/readable-stream-2.3.6.tgz",
          "integrity": "sha512-tQtKA9WIAhBF3+VLAseyMqZeBjW0AHJoxOtYqSUZNJxauErmLbVm2FW1y+J/YA9dUrAC39ITejlZWhVIwawkKw==",
          "requires": {
            "core-util-is": "1.0.2",
            "inherits": "2.0.3",
            "isarray": "1.0.0",
            "process-nextick-args": "2.0.0",
            "safe-buffer": "5.1.2",
            "string_decoder": "1.1.1",
            "util-deprecate": "1.0.2"
          }
        },
        "string_decoder": {
          "version": "1.1.1",
          "resolved": "https://registry.npmjs.org/string_decoder/-/string_decoder-1.1.1.tgz",
          "integrity": "sha512-n/ShnvDi6FHbbVfviro+WojiFzv+s8MPMHBczVePfUpDJLwoLT0ht1l4YwBCbi8pJAveEEdnkHyPyTP/mzRfwg==",
          "requires": {
            "safe-buffer": "5.1.2"
          }
        }
      }
    }
  }
}
